
Microsoft Visual Studio Solution File, Format Version 12.00
# Visual Studio Version 17
VisualStudioVersion = 17.13.35931.197 d17.13
MinimumVisualStudioVersion = 10.0.40219.1
Project("{FAE04EC0-301F-11D3-BF4B-00C04F79EFBC}") = "FastX1", "FastX1\FastX1.csproj", "{5E5829CF-1196-4A9F-9A9C-17855DAA658D}"
EndProject
Global
	GlobalSection(SolutionConfigurationPlatforms) = preSolution
		Debug|Any CPU = Debug|Any CPU
		Release|Any CPU = Release|Any CPU
	EndGlobalSection
	GlobalSection(ProjectConfigurationPlatforms) = postSolution
		{5E5829CF-1196-4A9F-9A9C-17855DAA658D}.Debug|Any CPU.ActiveCfg = Debug|Any CPU
		{5E5829CF-1196-4A9F-9A9C-17855DAA658D}.Debug|Any CPU.Build.0 = Debug|Any CPU
		{5E5829CF-1196-4A9F-9A9C-17855DAA658D}.Release|Any CPU.ActiveCfg = Release|Any CPU
		{5E5829CF-1196-4A9F-9A9C-17855DAA658D}.Release|Any CPU.Build.0 = Release|Any CPU
	EndGlobalSection
	GlobalSection(SolutionProperties) = preSolution
		HideSolutionNode = FALSE
	EndGlobalSection
	GlobalSection(ExtensibilityGlobals) = postSolution
		SolutionGuid = {F7D0DB6E-A1A3-4BCA-97E5-028ADA4DE95C}
	EndGlobalSection
EndGlobal
